
Microsoft Visual Studio Solution File, Format Version 12.00
# Visual Studio 2012
Project("{FAE04EC0-301F-11D3-BF4B-00C04F79EFBC}") = "Voice.Mate", "Voice.Mate.csproj", "{B7B1F109-E97F-481E-B1A1-26C7378ED239}"
EndProject
Global
	GlobalSection(SolutionConfigurationPlatforms) = preSolution
		Debug|Any CPU = Debug|Any CPU
		Release|Any CPU = Release|Any CPU
	EndGlobalSection
	GlobalSection(ProjectConfigurationPlatforms) = postSolution
		{B7B1F109-E97F-481E-B1A1-26C7378ED239}.Debug|Any CPU.ActiveCfg = Debug|Any CPU
		{B7B1F109-E97F-481E-B1A1-26C7378ED239}.Debug|Any CPU.Build.0 = Debug|Any CPU
		{B7B1F109-E97F-481E-B1A1-26C7378ED239}.Release|Any CPU.ActiveCfg = Release|Any CPU
		{B7B1F109-E97F-481E-B1A1-26C7378ED239}.Release|Any CPU.Build.0 = Release|Any CPU
	EndGlobalSection
	GlobalSection(SolutionProperties) = preSolution
		HideSolutionNode = FALSE
	EndGlobalSection
EndGlobal
